
Microsoft Visual Studio Solution File, Format Version 12.00
# Visual Studio Version 17
VisualStudioVersion = 17.9.34607.119
MinimumVisualStudioVersion = 10.0.40219.1
Project("{FAE04EC0-301F-11D3-BF4B-00C04F79EFBC}") = "HamedStack.CQRS", "HamedStack.CQRS\HamedStack.CQRS.csproj", "{C72333D2-3539-4295-8D80-934B8B76E59C}"
EndProject
Project("{FAE04EC0-301F-11D3-BF4B-00C04F79EFBC}") = "HamedStack.CQRS.FluentValidation", "HamedStack.CQRS.FluentValidation\HamedStack.CQRS.FluentValidation.csproj", "{2CA9BE0C-B2D2-481A-8F61-E6C8A54B4465}"
EndProject
Project("{FAE04EC0-301F-11D3-BF4B-00C04F79EFBC}") = "HamedStack.CQRS.Behaviors", "HamedStack.CQRS.Behaviors\HamedStack.CQRS.Behaviors.csproj", "{4737A68D-D92A-4485-82F5-D21E0A11577F}"
EndProject
Project("{FAE04EC0-301F-11D3-BF4B-00C04F79EFBC}") = "HamedStack.CQRS.Behaviors.FluentValidation", "HamedStack.CQRS.Behaviors.FluentValidation\HamedStack.CQRS.Behaviors.FluentValidation.csproj", "{D5D466DE-4F33-4CFA-AC86-0E7D46E7C2DD}"
EndProject
Project("{FAE04EC0-301F-11D3-BF4B-00C04F79EFBC}") = "HamedStack.CQRS.Behaviors.Result", "HamedStack.CQRS.Behaviors.Result\HamedStack.CQRS.Behaviors.Result.csproj", "{F47F6FB6-72D7-4158-A052-B9A76F1E5F0D}"
EndProject
Global
	GlobalSection(SolutionConfigurationPlatforms) = preSolution
		Debug|Any CPU = Debug|Any CPU
		Release|Any CPU = Release|Any CPU
	EndGlobalSection
	GlobalSection(ProjectConfigurationPlatforms) = postSolution
		{C72333D2-3539-4295-8D80-934B8B76E59C}.Debug|Any CPU.ActiveCfg = Debug|Any CPU
		{C72333D2-3539-4295-8D80-934B8B76E59C}.Debug|Any CPU.Build.0 = Debug|Any CPU
		{C72333D2-3539-4295-8D80-934B8B76E59C}.Release|Any CPU.ActiveCfg = Release|Any CPU
		{C72333D2-3539-4295-8D80-934B8B76E59C}.Release|Any CPU.Build.0 = Release|Any CPU
		{2CA9BE0C-B2D2-481A-8F61-E6C8A54B4465}.Debug|Any CPU.ActiveCfg = Debug|Any CPU
		{2CA9BE0C-B2D2-481A-8F61-E6C8A54B4465}.Debug|Any CPU.Build.0 = Debug|Any CPU
		{2CA9BE0C-B2D2-481A-8F61-E6C8A54B4465}.Release|Any CPU.ActiveCfg = Release|Any CPU
		{2CA9BE0C-B2D2-481A-8F61-E6C8A54B4465}.Release|Any CPU.Build.0 = Release|Any CPU
		{4737A68D-D92A-4485-82F5-D21E0A11577F}.Debug|Any CPU.ActiveCfg = Debug|Any CPU
		{4737A68D-D92A-4485-82F5-D21E0A11577F}.Debug|Any CPU.Build.0 = Debug|Any CPU
		{4737A68D-D92A-4485-82F5-D21E0A11577F}.Release|Any CPU.ActiveCfg = Release|Any CPU
		{4737A68D-D92A-4485-82F5-D21E0A11577F}.Release|Any CPU.Build.0 = Release|Any CPU
		{D5D466DE-4F33-4CFA-AC86-0E7D46E7C2DD}.Debug|Any CPU.ActiveCfg = Debug|Any CPU
		{D5D466DE-4F33-4CFA-AC86-0E7D46E7C2DD}.Debug|Any CPU.Build.0 = Debug|Any CPU
		{D5D466DE-4F33-4CFA-AC86-0E7D46E7C2DD}.Release|Any CPU.ActiveCfg = Release|Any CPU
		{D5D466DE-4F33-4CFA-AC86-0E7D46E7C2DD}.Release|Any CPU.Build.0 = Release|Any CPU
		{F47F6FB6-72D7-4158-A052-B9A76F1E5F0D}.Debug|Any CPU.ActiveCfg = Debug|Any CPU
		{F47F6FB6-72D7-4158-A052-B9A76F1E5F0D}.Debug|Any CPU.Build.0 = Debug|Any CPU
		{F47F6FB6-72D7-4158-A052-B9A76F1E5F0D}.Release|Any CPU.ActiveCfg = Release|Any CPU
		{F47F6FB6-72D7-4158-A052-B9A76F1E5F0D}.Release|Any CPU.Build.0 = Release|Any CPU
	EndGlobalSection
	GlobalSection(SolutionProperties) = preSolution
		HideSolutionNode = FALSE
	EndGlobalSection
	GlobalSection(ExtensibilityGlobals) = postSolution
		SolutionGuid = {11FC3D63-3A59-40F3-959F-CB1AA03D4A94}
	EndGlobalSection
EndGlobal
